<?xml version="1.0" encoding="utf-8"?>
<Project ToolsVersion="4.0" xmlns="http://schemas.microsoft.com/developer/msbuild/2003">
  <ItemGroup>
    <Filter Include="Library">
      <UniqueIdentifier>{d5173dcf-2786-4f98-bd55-d03549637dfe}</UniqueIdentifier>
    </Filter>
    <Filter Include="Src">
      <UniqueIdentifier>{80d0a5a9-6779-4863-bede-cc22a4986dc5}</UniqueIdentifier>
    </Filter>
    <Filter Include="Src\System">
      <UniqueIdentifier>{f5928314-3ee2-4e39-abfa-d93aa9ee5891}</UniqueIdentifier>
    </Filter>
    <Filter Include="Src\System\Direct3D">
      <UniqueIdentifier>{f193abd5-e51c-466e-a937-722bc9175e9a}</UniqueIdentifier>
    </Filter>
    <Filter Include="Src\System\Utility">
      <UniqueIdentifier>{f5d733b1-5031-4659-a9d4-0dd3add1e5fb}</UniqueIdentifier>
    </Filter>
    <Filter Include="Src\System\Window">
      <UniqueIdentifier>{cb022f2a-c5a2-449b-9b70-5110aff8550f}</UniqueIdentifier>
    </Filter>
    <Filter Include="Library\tinygltf">
      <UniqueIdentifier>{307bfbcd-124f-4ad7-85f5-3fd94f814b1f}</UniqueIdentifier>
    </Filter>
    <Filter Include="Src\System\Shader">
      <UniqueIdentifier>{93543c0c-58fe-4a94-8279-7be3021b65b1}</UniqueIdentifier>
    </Filter>
    <Filter Include="Src\System\Shader\EffectShader">
      <UniqueIdentifier>{3ed945a9-befa-4db2-b780-7714e82626ed}</UniqueIdentifier>
    </Filter>
    <Filter Include="Src\System\Shader\SpriteShader">
      <UniqueIdentifier>{2da4d471-f4e8-4b2d-bdef-b93f91523b8b}</UniqueIdentifier>
    </Filter>
    <Filter Include="Src\System\Shader\StandardShader">
      <UniqueIdentifier>{0a93a6dd-bb60-46dc-820f-6aea10b3b02f}</UniqueIdentifier>
    </Filter>
    <Filter Include="Src\Application">
      <UniqueIdentifier>{d0d0f9cf-dabd-4346-bc9a-d9c04cf42372}</UniqueIdentifier>
    </Filter>
    <Filter Include="Src\Application\Game">
      <UniqueIdentifier>{936f1db1-7ffb-459c-a1a2-4cda00543242}</UniqueIdentifier>
    </Filter>
    <Filter Include="Src\Application\Game\Shooting">
      <UniqueIdentifier>{8141eacc-6483-4002-a2c3-37bf21f48b3e}</UniqueIdentifier>
    </Filter>
    <Filter Include="Src\System\Math">
      <UniqueIdentifier>{c424706e-dc43-41e2-bde4-b40063cded0c}</UniqueIdentifier>
    </Filter>
    <Filter Include="Library\Imgui">
      <UniqueIdentifier>{f048735e-bd17-4f04-aec3-4b7a94c7641d}</UniqueIdentifier>
    </Filter>
    <Filter Include="Src\Application\Component">
      <UniqueIdentifier>{70c82a6a-438c-4f7f-8d8c-2dd8f26948a5}</UniqueIdentifier>
    </Filter>
    <Filter Include="Library\json11KdCostom">
      <UniqueIdentifier>{b71922e0-9bdf-4e20-8b5e-3fa5d2403afa}</UniqueIdentifier>
    </Filter>
  </ItemGroup>
  <ItemGroup>
    <ClInclude Include="src\Pch.h">
      <Filter>Src</Filter>
    </ClInclude>
    <ClInclude Include="..\Library\tinygltf\json.hpp">
      <Filter>Library\tinygltf</Filter>
    </ClInclude>
    <ClInclude Include="..\Library\tinygltf\stb_image.h">
      <Filter>Library\tinygltf</Filter>
    </ClInclude>
    <ClInclude Include="..\Library\tinygltf\stb_image_write.h">
      <Filter>Library\tinygltf</Filter>
    </ClInclude>
    <ClInclude Include="..\Library\tinygltf\tiny_gltf.h">
      <Filter>Library\tinygltf</Filter>
    </ClInclude>
    <ClInclude Include="Src\Application\main.h">
      <Filter>Src\Application</Filter>
    </ClInclude>
    <ClInclude Include="src\System\Direct3D\KdDirect3D.h">
      <Filter>Src\System\Direct3D</Filter>
    </ClInclude>
    <ClInclude Include="src\System\Direct3D\KdTexture.h">
      <Filter>Src\System\Direct3D</Filter>
    </ClInclude>
    <ClInclude Include="src\System\Direct3D\KdBuffer.h">
      <Filter>Src\System\Direct3D</Filter>
    </ClInclude>
    <ClInclude Include="Src\System\Direct3D\KdGLTFLoader.h">
      <Filter>Src\System\Direct3D</Filter>
    </ClInclude>
    <ClInclude Include="Src\System\Shader\KdShaderManager.h">
      <Filter>Src\System\Shader</Filter>
    </ClInclude>
    <ClInclude Include="Src\System\Shader\EffectShader\KdEffectShader.h">
      <Filter>Src\System\Shader\EffectShader</Filter>
    </ClInclude>
    <ClInclude Include="Src\System\Shader\SpriteShader\KdSpriteShader.h">
      <Filter>Src\System\Shader\SpriteShader</Filter>
    </ClInclude>
    <ClInclude Include="Src\System\Shader\StandardShader\KdStandardShader.h">
      <Filter>Src\System\Shader\StandardShader</Filter>
    </ClInclude>
    <ClInclude Include="src\System\Utility\KdUtility.h">
      <Filter>Src\System\Utility</Filter>
    </ClInclude>
    <ClInclude Include="src\System\KdSystem.h">
      <Filter>Src\System</Filter>
    </ClInclude>
    <ClInclude Include="..\Library\strconv.h">
      <Filter>Library</Filter>
    </ClInclude>
    <ClInclude Include="src\System\Window\KdWindow.h">
      <Filter>Src\System\Window</Filter>
    </ClInclude>
    <ClInclude Include="src\System\Direct3D\KdMesh.h">
      <Filter>Src\System\Direct3D</Filter>
    </ClInclude>
    <ClInclude Include="Src\Application\Game\Scene.h">
      <Filter>Src\Application\Game</Filter>
    </ClInclude>
    <ClInclude Include="Src\System\Direct3D\kdModel.h">
      <Filter>Src\System\Direct3D</Filter>
    </ClInclude>
    <ClInclude Include="Src\Application\Game\EditorCamera.h">
      <Filter>Src\Application\Game</Filter>
    </ClInclude>
    <ClInclude Include="Src\Application\Game\Shooting\StageObject.h">
      <Filter>Src\Application\Game\Shooting</Filter>
    </ClInclude>
    <ClInclude Include="Src\Application\Game\Shooting\AirCraft.h">
      <Filter>Src\Application\Game\Shooting</Filter>
    </ClInclude>
    <ClInclude Include="Src\System\Math\KdMath.h">
      <Filter>Src\System\Math</Filter>
    </ClInclude>
    <ClInclude Include="..\Library\Imgui\imgui.h">
      <Filter>Library\Imgui</Filter>
    </ClInclude>
    <ClInclude Include="..\Library\Imgui\imgui_impl_dx11.h">
      <Filter>Library\Imgui</Filter>
    </ClInclude>
    <ClInclude Include="..\Library\Imgui\imgui_impl_win32.h">
      <Filter>Library\Imgui</Filter>
    </ClInclude>
    <ClInclude Include="..\Library\Imgui\imgui_internal.h">
      <Filter>Library\Imgui</Filter>
    </ClInclude>
    <ClInclude Include="..\Library\Imgui\imgui_stdlib.h">
      <Filter>Library\Imgui</Filter>
    </ClInclude>
    <ClInclude Include="..\Library\Imgui\imstb_rectpack.h">
      <Filter>Library\Imgui</Filter>
    </ClInclude>
    <ClInclude Include="..\Library\Imgui\imstb_textedit.h">
      <Filter>Library\Imgui</Filter>
    </ClInclude>
    <ClInclude Include="..\Library\Imgui\imstb_truetype.h">
      <Filter>Library\Imgui</Filter>
    </ClInclude>
    <ClInclude Include="..\Library\Imgui\ja_glyph_ranges.h">
      <Filter>Library\Imgui</Filter>
    </ClInclude>
    <ClInclude Include="..\Library\Imgui\imconfig.h">
      <Filter>Library\Imgui</Filter>
    </ClInclude>
    <ClInclude Include="Src\Application\Game\Shooting\Missile.h">
      <Filter>Src\Application\Game\Shooting</Filter>
    </ClInclude>
    <ClInclude Include="Src\Application\Game\GameObject.h">
      <Filter>Src\Application\Game</Filter>
    </ClInclude>
    <ClInclude Include="Src\System\Utility\KdResourceFactory.h">
      <Filter>Src\System\Utility</Filter>
    </ClInclude>
    <ClInclude Include="Src\Application\Component\CameraComponent.h">
      <Filter>Src\Application\Component</Filter>
    </ClInclude>
    <ClInclude Include="Src\Application\Component\InputComponent.h">
      <Filter>Src\Application\Component</Filter>
    </ClInclude>
    <ClInclude Include="Src\Application\Component\ModelComponent.h">
      <Filter>Src\Application\Component</Filter>
    </ClInclude>
    <ClInclude Include="..\Library\json11KdCustom\json11.hpp">
      <Filter>Library\json11KdCostom</Filter>
    </ClInclude>
  </ItemGroup>
  <ItemGroup>
    <ClCompile Include="src\Pch.cpp">
      <Filter>Src</Filter>
    </ClCompile>
    <ClCompile Include="Src\Application\main.cpp">
      <Filter>Src\Application</Filter>
    </ClCompile>
    <ClCompile Include="src\System\Direct3D\KdDirect3D.cpp">
      <Filter>Src\System\Direct3D</Filter>
    </ClCompile>
    <ClCompile Include="src\System\Direct3D\KdTexture.cpp">
      <Filter>Src\System\Direct3D</Filter>
    </ClCompile>
    <ClCompile Include="src\System\Direct3D\KdBuffer.cpp">
      <Filter>Src\System\Direct3D</Filter>
    </ClCompile>
    <ClCompile Include="Src\System\Direct3D\KdGLTFLoader.cpp">
      <Filter>Src\System\Direct3D</Filter>
    </ClCompile>
    <ClCompile Include="Src\System\Shader\KdShaderManager.cpp">
      <Filter>Src\System\Shader</Filter>
    </ClCompile>
    <ClCompile Include="Src\System\Shader\EffectShader\KdEffectShader.cpp">
      <Filter>Src\System\Shader\EffectShader</Filter>
    </ClCompile>
    <ClCompile Include="Src\System\Shader\SpriteShader\KdSpriteShader.cpp">
      <Filter>Src\System\Shader\SpriteShader</Filter>
    </ClCompile>
    <ClCompile Include="Src\System\Shader\StandardShader\KdStandardShader.cpp">
      <Filter>Src\System\Shader\StandardShader</Filter>
    </ClCompile>
    <ClCompile Include="src\System\Window\KdWindow.cpp">
      <Filter>Src\System\Window</Filter>
    </ClCompile>
    <ClCompile Include="Src\System\Utility\KdUtility.cpp">
      <Filter>Src\System\Utility</Filter>
    </ClCompile>
    <ClCompile Include="src\System\Direct3D\KdMesh.cpp">
      <Filter>Src\System\Direct3D</Filter>
    </ClCompile>
    <ClCompile Include="Src\Application\Game\Scene.cpp">
      <Filter>Src\Application\Game</Filter>
    </ClCompile>
    <ClCompile Include="Src\System\Direct3D\kdModel.cpp">
      <Filter>Src\System\Direct3D</Filter>
    </ClCompile>
    <ClCompile Include="Src\Application\Game\EditorCamera.cpp">
      <Filter>Src\Application\Game</Filter>
    </ClCompile>
    <ClCompile Include="Src\Application\Game\Shooting\StageObject.cpp">
      <Filter>Src\Application\Game\Shooting</Filter>
    </ClCompile>
    <ClCompile Include="Src\Application\Game\Shooting\AirCraft.cpp">
      <Filter>Src\Application\Game\Shooting</Filter>
    </ClCompile>
    <ClCompile Include="..\Library\Imgui\imgui_demo.cpp">
      <Filter>Library\Imgui</Filter>
    </ClCompile>
    <ClCompile Include="..\Library\Imgui\imgui_draw.cpp">
      <Filter>Library\Imgui</Filter>
    </ClCompile>
    <ClCompile Include="..\Library\Imgui\imgui_impl_dx11.cpp">
      <Filter>Library\Imgui</Filter>
    </ClCompile>
    <ClCompile Include="..\Library\Imgui\imgui_impl_win32.cpp">
      <Filter>Library\Imgui</Filter>
    </ClCompile>
    <ClCompile Include="..\Library\Imgui\imgui_stdlib.cpp">
      <Filter>Library\Imgui</Filter>
    </ClCompile>
    <ClCompile Include="..\Library\Imgui\imgui_widgets.cpp">
      <Filter>Library\Imgui</Filter>
    </ClCompile>
    <ClCompile Include="..\Library\Imgui\imgui.cpp">
      <Filter>Library\Imgui</Filter>
    </ClCompile>
    <ClCompile Include="Src\Application\Game\Shooting\Missile.cpp">
      <Filter>Src\Application\Game\Shooting</Filter>
    </ClCompile>
    <ClCompile Include="Src\Application\Game\GameObject.cpp">
      <Filter>Src\Application\Game</Filter>
    </ClCompile>
    <ClCompile Include="Src\System\Utility\KdResourceFactory.cpp">
      <Filter>Src\System\Utility</Filter>
    </ClCompile>
    <ClCompile Include="Src\Application\Component\CameraComponent.cpp">
      <Filter>Src\Application\Component</Filter>
    </ClCompile>
    <ClCompile Include="Src\Application\Component\InputComponent.cpp">
      <Filter>Src\Application\Component</Filter>
    </ClCompile>
    <ClCompile Include="Src\Application\Component\ModelComponent.cpp">
      <Filter>Src\Application\Component</Filter>
    </ClCompile>
    <ClCompile Include="..\Library\json11KdCustom\json11.cpp">
      <Filter>Library\json11KdCostom</Filter>
    </ClCompile>
  </ItemGroup>
  <ItemGroup>
    <None Include="Src\System\Shader\EffectShader\inc_KdEffectShader.hlsli">
      <Filter>Src\System\Shader\EffectShader</Filter>
    </None>
    <None Include="Src\System\Shader\inc_KdCommon.hlsli">
      <Filter>Src\System\Shader</Filter>
    </None>
    <None Include="Src\System\Shader\SpriteShader\inc_KdSpriteShader.hlsli">
      <Filter>Src\System\Shader\SpriteShader</Filter>
    </None>
    <None Include="Src\System\Shader\StandardShader\inc_KdStandardShader.hlsli">
      <Filter>Src\System\Shader\StandardShader</Filter>
    </None>
  </ItemGroup>
  <ItemGroup>
    <FxCompile Include="Src\System\Shader\EffectShader\KdEffectShader_PS.hlsl">
      <Filter>Src\System\Shader\EffectShader</Filter>
    </FxCompile>
    <FxCompile Include="Src\System\Shader\EffectShader\KdEffectShader_VS.hlsl">
      <Filter>Src\System\Shader\EffectShader</Filter>
    </FxCompile>
    <FxCompile Include="Src\System\Shader\SpriteShader\KdSpriteShader_PS.hlsl">
      <Filter>Src\System\Shader\SpriteShader</Filter>
    </FxCompile>
    <FxCompile Include="Src\System\Shader\SpriteShader\KdSpriteShader_VS.hlsl">
      <Filter>Src\System\Shader\SpriteShader</Filter>
    </FxCompile>
    <FxCompile Include="Src\System\Shader\StandardShader\KdStandardShader_PS.hlsl">
      <Filter>Src\System\Shader\StandardShader</Filter>
    </FxCompile>
    <FxCompile Include="Src\System\Shader\StandardShader\KdStandardShader_VS.hlsl">
      <Filter>Src\System\Shader\StandardShader</Filter>
    </FxCompile>
  </ItemGroup>
</Project>